// !$*UTF8*$!
{
	archiveVersion = 1;
	classes = {
	};
	objectVersion = 50;
	objects = {

/* Begin PBXBuildFile section */
		5059046421F7896200E70EE1 /* AppDelegate.swift in Sources */ = {isa = PBXBuildFile; fileRef = 5059046321F7896200E70EE1 /* AppDelegate.swift */; };
		5059046921F7896200E70EE1 /* Main.storyboard in Resources */ = {isa = PBXBuildFile; fileRef = 5059046721F7896200E70EE1 /* Main.storyboard */; };
		5059046B21F7896200E70EE1 /* Assets.xcassets in Resources */ = {isa = PBXBuildFile; fileRef = 5059046A21F7896200E70EE1 /* Assets.xcassets */; };
		5059046E21F7896200E70EE1 /* LaunchScreen.storyboard in Resources */ = {isa = PBXBuildFile; fileRef = 5059046C21F7896200E70EE1 /* LaunchScreen.storyboard */; };
		5059047721F792B200E70EE1 /* Article.swift in Sources */ = {isa = PBXBuildFile; fileRef = 5059047621F792B200E70EE1 /* Article.swift */; };
		5059047921F792C000E70EE1 /* Model.swift in Sources */ = {isa = PBXBuildFile; fileRef = 5059047821F792C000E70EE1 /* Model.swift */; };
		5059047B21F79C8900E70EE1 /* TableViewController.swift in Sources */ = {isa = PBXBuildFile; fileRef = 5059047A21F79C8900E70EE1 /* TableViewController.swift */; };
		5059047D21F79CAA00E70EE1 /* TableViewCell.swift in Sources */ = {isa = PBXBuildFile; fileRef = 5059047C21F79CAA00E70EE1 /* TableViewCell.swift */; };
		5059047F21F79FE400E70EE1 /* ViewController.swift in Sources */ = {isa = PBXBuildFile; fileRef = 5059047E21F79FE400E70EE1 /* ViewController.swift */; };
		5059048A21F7A7B900E70EE1 /* .gitignore in Resources */ = {isa = PBXBuildFile; fileRef = 5059048921F7A7B900E70EE1 /* .gitignore */; };
/* End PBXBuildFile section */

/* Begin PBXFileReference section */
		5059046021F7896200E70EE1 /* jsonnews.app */ = {isa = PBXFileReference; explicitFileType = wrapper.application; includeInIndex = 0; path = jsonnews.app; sourceTree = BUILT_PRODUCTS_DIR; };
		5059046321F7896200E70EE1 /* AppDelegate.swift */ = {isa = PBXFileReference; lastKnownFileType = sourcecode.swift; path = AppDelegate.swift; sourceTree = "<group>"; };
		5059046821F7896200E70EE1 /* Base */ = {isa = PBXFileReference; lastKnownFileType = file.storyboard; name = Base; path = Base.lproj/Main.storyboard; sourceTree = "<group>"; };
		5059046A21F7896200E70EE1 /* Assets.xcassets */ = {isa = PBXFileReference; lastKnownFileType = folder.assetcatalog; path = Assets.xcassets; sourceTree = "<group>"; };
		5059046D21F7896200E70EE1 /* Base */ = {isa = PBXFileReference; lastKnownFileType = file.storyboard; name = Base; path = Base.lproj/LaunchScreen.storyboard; sourceTree = "<group>"; };
		5059046F21F7896200E70EE1 /* Info.plist */ = {isa = PBXFileReference; lastKnownFileType = text.plist.xml; path = Info.plist; sourceTree = "<group>"; };
		5059047621F792B200E70EE1 /* Article.swift */ = {isa = PBXFileReference; lastKnownFileType = sourcecode.swift; path = Article.swift; sourceTree = "<group>"; };
		5059047821F792C000E70EE1 /* Model.swift */ = {isa = PBXFileReference; lastKnownFileType = sourcecode.swift; path = Model.swift; sourceTree = "<group>"; };
		5059047A21F79C8900E70EE1 /* TableViewController.swift */ = {isa = PBXFileReference; lastKnownFileType = sourcecode.swift; path = TableViewController.swift; sourceTree = "<group>"; };
		5059047C21F79CAA00E70EE1 /* TableViewCell.swift */ = {isa = PBXFileReference; lastKnownFileType = sourcecode.swift; path = TableViewCell.swift; sourceTree = "<group>"; };
		5059047E21F79FE400E70EE1 /* ViewController.swift */ = {isa = PBXFileReference; lastKnownFileType = sourcecode.swift; path = ViewController.swift; sourceTree = "<group>"; };
		5059048921F7A7B900E70EE1 /* .gitignore */ = {isa = PBXFileReference; lastKnownFileType = text; path = .gitignore; sourceTree = "<group>"; };
/* End PBXFileReference section */

/* Begin PBXFrameworksBuildPhase section */
		5059045D21F7896100E70EE1 /* Frameworks */ = {
			isa = PBXFrameworksBuildPhase;
			buildActionMask = 2147483647;
			files = (
			);
			runOnlyForDeploymentPostprocessing = 0;
		};
/* End PBXFrameworksBuildPhase section */

/* Begin PBXGroup section */
		5059045721F7896100E70EE1 = {
			isa = PBXGroup;
			children = (
				5059048921F7A7B900E70EE1 /* .gitignore */,
				5059046221F7896200E70EE1 /* jsonnews */,
				5059046121F7896200E70EE1 /* Products */,
			);
			sourceTree = "<group>";
		};
		5059046121F7896200E70EE1 /* Products */ = {
			isa = PBXGroup;
			children = (
				5059046021F7896200E70EE1 /* jsonnews.app */,
			);
			name = Products;
			sourceTree = "<group>";
		};
		5059046221F7896200E70EE1 /* jsonnews */ = {
			isa = PBXGroup;
			children = (
				5059048221F7A75500E70EE1 /* Application */,
				5059048121F7A74800E70EE1 /* Coomments */,
				5059048021F7A73E00E70EE1 /* Supporting file */,
			);
			path = jsonnews;
			sourceTree = "<group>";
		};
		5059047521F7924A00E70EE1 /* Models */ = {
			isa = PBXGroup;
			children = (
				5059047621F792B200E70EE1 /* Article.swift */,
				5059047821F792C000E70EE1 /* Model.swift */,
				5059047A21F79C8900E70EE1 /* TableViewController.swift */,
				5059047C21F79CAA00E70EE1 /* TableViewCell.swift */,
				5059047E21F79FE400E70EE1 /* ViewController.swift */,
			);
			name = Models;
			path = ../Models;
			sourceTree = "<group>";
		};
		5059048021F7A73E00E70EE1 /* Supporting file */ = {
			isa = PBXGroup;
			children = (
				5059046F21F7896200E70EE1 /* Info.plist */,
				5059046A21F7896200E70EE1 /* Assets.xcassets */,
			);
			path = "Supporting file";
			sourceTree = "<group>";
		};
		5059048121F7A74800E70EE1 /* Coomments */ = {
			isa = PBXGroup;
			children = (
				5059047521F7924A00E70EE1 /* Models */,
				5059048421F7A76300E70EE1 /* View */,
				5059048321F7A75C00E70EE1 /* Controller */,
			);
			path = Coomments;
			sourceTree = "<group>";
		};
		5059048221F7A75500E70EE1 /* Application */ = {
			isa = PBXGroup;
			children = (
				5059048821F7A78100E70EE1 /* Models */,
				5059048721F7A77D00E70EE1 /* View */,
				5059048621F7A77400E70EE1 /* Controller */,
			);
			path = Application;
			sourceTree = "<group>";
		};
		5059048321F7A75C00E70EE1 /* Controller */ = {
			isa = PBXGroup;
			children = (
			);
			path = Controller;
			sourceTree = "<group>";
		};
		5059048421F7A76300E70EE1 /* View */ = {
			isa = PBXGroup;
			children = (
				5059046721F7896200E70EE1 /* Main.storyboard */,
			);
			path = View;
			sourceTree = "<group>";
		};
		5059048621F7A77400E70EE1 /* Controller */ = {
			isa = PBXGroup;
			children = (
			);
			path = Controller;
			sourceTree = "<group>";
		};
		5059048721F7A77D00E70EE1 /* View */ = {
			isa = PBXGroup;
			children = (
				5059046C21F7896200E70EE1 /* LaunchScreen.storyboard */,
			);
			path = View;
			sourceTree = "<group>";
		};
		5059048821F7A78100E70EE1 /* Models */ = {
			isa = PBXGroup;
			children = (
				5059046321F7896200E70EE1 /* AppDelegate.swift */,
			);
			path = Models;
			sourceTree = "<group>";
		};
/* End PBXGroup section */

/* Begin PBXNativeTarget section */
		5059045F21F7896100E70EE1 /* jsonnews */ = {
			isa = PBXNativeTarget;
			buildConfigurationList = 5059047221F7896200E70EE1 /* Build configuration list for PBXNativeTarget "jsonnews" */;
			buildPhases = (
				5059045C21F7896100E70EE1 /* Sources */,
				5059045D21F7896100E70EE1 /* Frameworks */,
				5059045E21F7896100E70EE1 /* Resources */,
			);
			buildRules = (
			);
			dependencies = (
			);
			name = jsonnews;
			productName = jsonnews;
			productReference = 5059046021F7896200E70EE1 /* jsonnews.app */;
			productType = "com.apple.product-type.application";
		};
/* End PBXNativeTarget section */

/* Begin PBXProject section */
		5059045821F7896100E70EE1 /* Project object */ = {
			isa = PBXProject;
			attributes = {
				LastSwiftUpdateCheck = 1010;
				LastUpgradeCheck = 1010;
				ORGANIZATIONNAME = "Rinat Luhmanov";
				TargetAttributes = {
					5059045F21F7896100E70EE1 = {
						CreatedOnToolsVersion = 10.1;
					};
				};
			};
			buildConfigurationList = 5059045B21F7896100E70EE1 /* Build configuration list for PBXProject "jsonnews" */;
			compatibilityVersion = "Xcode 9.3";
			developmentRegion = en;
			hasScannedForEncodings = 0;
			knownRegions = (
				en,
				Base,
			);
			mainGroup = 5059045721F7896100E70EE1;
			productRefGroup = 5059046121F7896200E70EE1 /* Products */;
			projectDirPath = "";
			projectRoot = "";
			targets = (
				5059045F21F7896100E70EE1 /* jsonnews */,
			);
		};
/* End PBXProject section */

/* Begin PBXResourcesBuildPhase section */
		5059045E21F7896100E70EE1 /* Resources */ = {
			isa = PBXResourcesBuildPhase;
			buildActionMask = 2147483647;
			files = (
				5059048A21F7A7B900E70EE1 /* .gitignore in Resources */,
				5059046E21F7896200E70EE1 /* LaunchScreen.storyboard in Resources */,
				5059046B21F7896200E70EE1 /* Assets.xcassets in Resources */,
				5059046921F7896200E70EE1 /* Main.storyboard in Resources */,
			);
			runOnlyForDeploymentPostprocessing = 0;
		};
/* End PBXResourcesBuildPhase section */

/* Begin PBXSourcesBuildPhase section */
		5059045C21F7896100E70EE1 /* Sources */ = {
			isa = PBXSourcesBuildPhase;
			buildActionMask = 2147483647;
			files = (
				5059047F21F79FE400E70EE1 /* ViewController.swift in Sources */,
				5059047D21F79CAA00E70EE1 /* TableViewCell.swift in Sources */,
				5059046421F7896200E70EE1 /* AppDelegate.swift in Sources */,
				5059047721F792B200E70EE1 /* Article.swift in Sources */,
				5059047921F792C000E70EE1 /* Model.swift in Sources */,
				5059047B21F79C8900E70EE1 /* TableViewController.swift in Sources */,
			);
			runOnlyForDeploymentPostprocessing = 0;
		};
/* End PBXSourcesBuildPhase section */

/* Begin PBXVariantGroup section */
		5059046721F7896200E70EE1 /* Main.storyboard */ = {
			isa = PBXVariantGroup;
			children = (
				5059046821F7896200E70EE1 /* Base */,
			);
			name = Main.storyboard;
			sourceTree = "<group>";
		};
		5059046C21F7896200E70EE1 /* LaunchScreen.storyboard */ = {
			isa = PBXVariantGroup;
			children = (
				5059046D21F7896200E70EE1 /* Base */,
			);
			name = LaunchScreen.storyboard;
			sourceTree = "<group>";
		};
/* End PBXVariantGroup section */

/* Begin XCBuildConfiguration section */
		5059047021F7896200E70EE1 /* Debug */ = {
			isa = XCBuildConfiguration;
			buildSettings = {
				ALWAYS_SEARCH_USER_PATHS = NO;
				CLANG_ANALYZER_NONNULL = YES;
				CLANG_ANALYZER_NUMBER_OBJECT_CONVERSION = YES_AGGRESSIVE;
				CLANG_CXX_LANGUAGE_STANDARD = "gnu++14";
				CLANG_CXX_LIBRARY = "libc++";
				CLANG_ENABLE_MODULES = YES;
				CLANG_ENABLE_OBJC_ARC = YES;
				CLANG_ENABLE_OBJC_WEAK = YES;
				CLANG_WARN_BLOCK_CAPTURE_AUTORELEASING = YES;
				CLANG_WARN_BOOL_CONVERSION = YES;
				CLANG_WARN_COMMA = YES;
				CLANG_WARN_CONSTANT_CONVERSION = YES;
				CLANG_WARN_DEPRECATED_OBJC_IMPLEMENTATIONS = YES;
				CLANG_WARN_DIRECT_OBJC_ISA_USAGE = YES_ERROR;
				CLANG_WARN_DOCUMENTATION_COMMENTS = YES;
				CLANG_WARN_EMPTY_BODY = YES;
				CLANG_WARN_ENUM_CONVERSION = YES;
				CLANG_WARN_INFINITE_RECURSION = YES;
				CLANG_WARN_INT_CONVERSION = YES;
				CLANG_WARN_NON_LITERAL_NULL_CONVERSION = YES;
				CLANG_WARN_OBJC_IMPLICIT_RETAIN_SELF = YES;
				CLANG_WARN_OBJC_LITERAL_CONVERSION = YES;
				CLANG_WARN_OBJC_ROOT_CLASS = YES_ERROR;
				CLANG_WARN_RANGE_LOOP_ANALYSIS = YES;
				CLANG_WARN_STRICT_PROTOTYPES = YES;
				CLANG_WARN_SUSPICIOUS_MOVE = YES;
				CLANG_WARN_UNGUARDED_AVAILABILITY = YES_AGGRESSIVE;
				CLANG_WARN_UNREACHABLE_CODE = YES;
				CLANG_WARN__DUPLICATE_METHOD_MATCH = YES;
				CODE_SIGN_IDENTITY = "iPhone Developer";
				COPY_PHASE_STRIP = NO;
				DEBUG_INFORMATION_FORMAT = dwarf;
				ENABLE_STRICT_OBJC_MSGSEND = YES;
				ENABLE_TESTABILITY = YES;
				GCC_C_LANGUAGE_STANDARD = gnu11;
				GCC_DYNAMIC_NO_PIC = NO;
				GCC_NO_COMMON_BLOCKS = YES;
				GCC_OPTIMIZATION_LEVEL = 0;
				GCC_PREPROCESSOR_DEFINITIONS = (
					"DEBUG=1",
					"$(inherited)",
				);
				GCC_WARN_64_TO_32_BIT_CONVERSION = YES;
				GCC_WARN_ABOUT_RETURN_TYPE = YES_ERROR;
				GCC_WARN_UNDECLARED_SELECTOR = YES;
				GCC_WARN_UNINITIALIZED_AUTOS = YES_AGGRESSIVE;
				GCC_WARN_UNUSED_FUNCTION = YES;
				GCC_WARN_UNUSED_VARIABLE = YES;
				IPHONEOS_DEPLOYMENT_TARGET = 12.1;
				MTL_ENABLE_DEBUG_INFO = INCLUDE_SOURCE;
				MTL_FAST_MATH = YES;
				ONLY_ACTIVE_ARCH = YES;
				SDKROOT = iphoneos;
				SWIFT_ACTIVE_COMPILATION_CONDITIONS = DEBUG;
				SWIFT_OPTIMIZATION_LEVEL = "-Onone";
			};
			name = Debug;
		};
		5059047121F7896200E70EE1 /* Release */ = {
			isa = XCBuildConfiguration;
			buildSettings = {
				ALWAYS_SEARCH_USER_PATHS = NO;
				CLANG_ANALYZER_NONNULL = YES;
				CLANG_ANALYZER_NUMBER_OBJECT_CONVERSION = YES_AGGRESSIVE;
				CLANG_CXX_LANGUAGE_STANDARD = "gnu++14";
				CLANG_CXX_LIBRARY = "libc++";
				CLANG_ENABLE_MODULES = YES;
				CLANG_ENABLE_OBJC_ARC = YES;
				CLANG_ENABLE_OBJC_WEAK = YES;
				CLANG_WARN_BLOCK_CAPTURE_AUTORELEASING = YES;
				CLANG_WARN_BOOL_CONVERSION = YES;
				CLANG_WARN_COMMA = YES;
				CLANG_WARN_CONSTANT_CONVERSION = YES;
				CLANG_WARN_DEPRECATED_OBJC_IMPLEMENTATIONS = YES;
				CLANG_WARN_DIRECT_OBJC_ISA_USAGE = YES_ERROR;
				CLANG_WARN_DOCUMENTATION_COMMENTS = YES;
				CLANG_WARN_EMPTY_BODY = YES;
				CLANG_WARN_ENUM_CONVERSION = YES;
				CLANG_WARN_INFINITE_RECURSION = YES;
				CLANG_WARN_INT_CONVERSION = YES;
				CLANG_WARN_NON_LITERAL_NULL_CONVERSION = YES;
				CLANG_WARN_OBJC_IMPLICIT_RETAIN_SELF = YES;
				CLANG_WARN_OBJC_LITERAL_CONVERSION = YES;
				CLANG_WARN_OBJC_ROOT_CLASS = YES_ERROR;
				CLANG_WARN_RANGE_LOOP_ANALYSIS = YES;
				CLANG_WARN_STRICT_PROTOTYPES = YES;
				CLANG_WARN_SUSPICIOUS_MOVE = YES;
				CLANG_WARN_UNGUARDED_AVAILABILITY = YES_AGGRESSIVE;
				CLANG_WARN_UNREACHABLE_CODE = YES;
				CLANG_WARN__DUPLICATE_METHOD_MATCH = YES;
				CODE_SIGN_IDENTITY = "iPhone Developer";
				COPY_PHASE_STRIP = NO;
				DEBUG_INFORMATION_FORMAT = "dwarf-with-dsym";
				ENABLE_NS_ASSERTIONS = NO;
				ENABLE_STRICT_OBJC_MSGSEND = YES;
				GCC_C_LANGUAGE_STANDARD = gnu11;
				GCC_NO_COMMON_BLOCKS = YES;
				GCC_WARN_64_TO_32_BIT_CONVERSION = YES;
				GCC_WARN_ABOUT_RETURN_TYPE = YES_ERROR;
				GCC_WARN_UNDECLARED_SELECTOR = YES;
				GCC_WARN_UNINITIALIZED_AUTOS = YES_AGGRESSIVE;
				GCC_WARN_UNUSED_FUNCTION = YES;
				GCC_WARN_UNUSED_VARIABLE = YES;
				IPHONEOS_DEPLOYMENT_TARGET = 12.1;
				MTL_ENABLE_DEBUG_INFO = NO;
				MTL_FAST_MATH = YES;
				SDKROOT = iphoneos;
				SWIFT_COMPILATION_MODE = wholemodule;
				SWIFT_OPTIMIZATION_LEVEL = "-O";
				VALIDATE_PRODUCT = YES;
			};
			name = Release;
		};
		5059047321F7896200E70EE1 /* Debug */ = {
			isa = XCBuildConfiguration;
			buildSettings = {
				ASSETCATALOG_COMPILER_APPICON_NAME = AppIcon;
				CODE_SIGN_STYLE = Automatic;
				DEVELOPMENT_TEAM = NLFYR2THT5;
				INFOPLIST_FILE = "$(SRCROOT)/jsonnews/Supporting file/Info.plist";
				LD_RUNPATH_SEARCH_PATHS = (
					"$(inherited)",
					"@executable_path/Frameworks",
				);
				PRODUCT_BUNDLE_IDENTIFIER = rrr.jsonnews;
				PRODUCT_NAME = "$(TARGET_NAME)";
				SWIFT_VERSION = 4.2;
				TARGETED_DEVICE_FAMILY = "1,2";
			};
			name = Debug;
		};
		5059047421F7896200E70EE1 /* Release */ = {
			isa = XCBuildConfiguration;
			buildSettings = {
				ASSETCATALOG_COMPILER_APPICON_NAME = AppIcon;
				CODE_SIGN_STYLE = Automatic;
				DEVELOPMENT_TEAM = NLFYR2THT5;
				INFOPLIST_FILE = "$(SRCROOT)/jsonnews/Supporting file/Info.plist";
				LD_RUNPATH_SEARCH_PATHS = (
					"$(inherited)",
					"@executable_path/Frameworks",
				);
				PRODUCT_BUNDLE_IDENTIFIER = rrr.jsonnews;
				PRODUCT_NAME = "$(TARGET_NAME)";
				SWIFT_VERSION = 4.2;
				TARGETED_DEVICE_FAMILY = "1,2";
			};
			name = Release;
		};
/* End XCBuildConfiguration section */

/* Begin XCConfigurationList section */
		5059045B21F7896100E70EE1 /* Build configuration list for PBXProject "jsonnews" */ = {
			isa = XCConfigurationList;
			buildConfigurations = (
				5059047021F7896200E70EE1 /* Debug */,
				5059047121F7896200E70EE1 /* Release */,
			);
			defaultConfigurationIsVisible = 0;
			defaultConfigurationName = Release;
		};
		5059047221F7896200E70EE1 /* Build configuration list for PBXNativeTarget "jsonnews" */ = {
			isa = XCConfigurationList;
			buildConfigurations = (
				5059047321F7896200E70EE1 /* Debug */,
				5059047421F7896200E70EE1 /* Release */,
			);
			defaultConfigurationIsVisible = 0;
			defaultConfigurationName = Release;
		};
/* End XCConfigurationList section */
	};
	rootObject = 5059045821F7896100E70EE1 /* Project object */;
}
